// !$*UTF8*$!
{
	archiveVersion = 1;
	classes = {
	};
	objectVersion = 50;
	objects = {

/* Begin PBXBuildFile section */
		8E8AA2D42331B1A700299B51 /* AppDelegate.swift in Sources */ = {isa = PBXBuildFile; fileRef = 8E8AA2D32331B1A700299B51 /* AppDelegate.swift */; };
		8E8AA2D62331B1A700299B51 /* ViewController.swift in Sources */ = {isa = PBXBuildFile; fileRef = 8E8AA2D52331B1A700299B51 /* ViewController.swift */; };
		8E8AA2D92331B1A700299B51 /* Main.storyboard in Resources */ = {isa = PBXBuildFile; fileRef = 8E8AA2D72331B1A700299B51 /* Main.storyboard */; };
		8E8AA2DB2331B1A800299B51 /* Assets.xcassets in Resources */ = {isa = PBXBuildFile; fileRef = 8E8AA2DA2331B1A800299B51 /* Assets.xcassets */; };
		8E8AA2DE2331B1A800299B51 /* LaunchScreen.storyboard in Resources */ = {isa = PBXBuildFile; fileRef = 8E8AA2DC2331B1A800299B51 /* LaunchScreen.storyboard */; };
		8E8AA2E92331B1A800299B51 /* PokedexTests.swift in Sources */ = {isa = PBXBuildFile; fileRef = 8E8AA2E82331B1A800299B51 /* PokedexTests.swift */; };
		8E8AA2F42331B1A800299B51 /* PokedexUITests.swift in Sources */ = {isa = PBXBuildFile; fileRef = 8E8AA2F32331B1A800299B51 /* PokedexUITests.swift */; };
/* End PBXBuildFile section */

/* Begin PBXContainerItemProxy section */
		8E8AA2E52331B1A800299B51 /* PBXContainerItemProxy */ = {
			isa = PBXContainerItemProxy;
			containerPortal = 8E8AA2C82331B1A600299B51 /* Project object */;
			proxyType = 1;
			remoteGlobalIDString = 8E8AA2CF2331B1A700299B51;
			remoteInfo = Pokedex;
		};
		8E8AA2F02331B1A800299B51 /* PBXContainerItemProxy */ = {
			isa = PBXContainerItemProxy;
			containerPortal = 8E8AA2C82331B1A600299B51 /* Project object */;
			proxyType = 1;
			remoteGlobalIDString = 8E8AA2CF2331B1A700299B51;
			remoteInfo = Pokedex;
		};
/* End PBXContainerItemProxy section */

/* Begin PBXFileReference section */
		8E8AA2D02331B1A700299B51 /* Pokedex.app */ = {isa = PBXFileReference; explicitFileType = wrapper.application; includeInIndex = 0; path = Pokedex.app; sourceTree = BUILT_PRODUCTS_DIR; };
		8E8AA2D32331B1A700299B51 /* AppDelegate.swift */ = {isa = PBXFileReference; lastKnownFileType = sourcecode.swift; path = AppDelegate.swift; sourceTree = "<group>"; };
		8E8AA2D52331B1A700299B51 /* ViewController.swift */ = {isa = PBXFileReference; lastKnownFileType = sourcecode.swift; path = ViewController.swift; sourceTree = "<group>"; };
		8E8AA2D82331B1A700299B51 /* Base */ = {isa = PBXFileReference; lastKnownFileType = file.storyboard; name = Base; path = Base.lproj/Main.storyboard; sourceTree = "<group>"; };
		8E8AA2DA2331B1A800299B51 /* Assets.xcassets */ = {isa = PBXFileReference; lastKnownFileType = folder.assetcatalog; path = Assets.xcassets; sourceTree = "<group>"; };
		8E8AA2DD2331B1A800299B51 /* Base */ = {isa = PBXFileReference; lastKnownFileType = file.storyboard; name = Base; path = Base.lproj/LaunchScreen.storyboard; sourceTree = "<group>"; };
		8E8AA2DF2331B1A800299B51 /* Info.plist */ = {isa = PBXFileReference; lastKnownFileType = text.plist.xml; path = Info.plist; sourceTree = "<group>"; };
		8E8AA2E42331B1A800299B51 /* PokedexTests.xctest */ = {isa = PBXFileReference; explicitFileType = wrapper.cfbundle; includeInIndex = 0; path = PokedexTests.xctest; sourceTree = BUILT_PRODUCTS_DIR; };
		8E8AA2E82331B1A800299B51 /* PokedexTests.swift */ = {isa = PBXFileReference; lastKnownFileType = sourcecode.swift; path = PokedexTests.swift; sourceTree = "<group>"; };
		8E8AA2EA2331B1A800299B51 /* Info.plist */ = {isa = PBXFileReference; lastKnownFileType = text.plist.xml; path = Info.plist; sourceTree = "<group>"; };
		8E8AA2EF2331B1A800299B51 /* PokedexUITests.xctest */ = {isa = PBXFileReference; explicitFileType = wrapper.cfbundle; includeInIndex = 0; path = PokedexUITests.xctest; sourceTree = BUILT_PRODUCTS_DIR; };
		8E8AA2F32331B1A800299B51 /* PokedexUITests.swift */ = {isa = PBXFileReference; lastKnownFileType = sourcecode.swift; path = PokedexUITests.swift; sourceTree = "<group>"; };
		8E8AA2F52331B1A800299B51 /* Info.plist */ = {isa = PBXFileReference; lastKnownFileType = text.plist.xml; path = Info.plist; sourceTree = "<group>"; };
/* End PBXFileReference section */

/* Begin PBXFrameworksBuildPhase section */
		8E8AA2CD2331B1A700299B51 /* Frameworks */ = {
			isa = PBXFrameworksBuildPhase;
			buildActionMask = 2147483647;
			files = (
			);
			runOnlyForDeploymentPostprocessing = 0;
		};
		8E8AA2E12331B1A800299B51 /* Frameworks */ = {
			isa = PBXFrameworksBuildPhase;
			buildActionMask = 2147483647;
			files = (
			);
			runOnlyForDeploymentPostprocessing = 0;
		};
		8E8AA2EC2331B1A800299B51 /* Frameworks */ = {
			isa = PBXFrameworksBuildPhase;
			buildActionMask = 2147483647;
			files = (
			);
			runOnlyForDeploymentPostprocessing = 0;
		};
/* End PBXFrameworksBuildPhase section */

/* Begin PBXGroup section */
		8E8AA2C72331B1A600299B51 = {
			isa = PBXGroup;
			children = (
				8E8AA2D22331B1A700299B51 /* Pokedex */,
				8E8AA2E72331B1A800299B51 /* PokedexTests */,
				8E8AA2F22331B1A800299B51 /* PokedexUITests */,
				8E8AA2D12331B1A700299B51 /* Products */,
			);
			sourceTree = "<group>";
		};
		8E8AA2D12331B1A700299B51 /* Products */ = {
			isa = PBXGroup;
			children = (
				8E8AA2D02331B1A700299B51 /* Pokedex.app */,
				8E8AA2E42331B1A800299B51 /* PokedexTests.xctest */,
				8E8AA2EF2331B1A800299B51 /* PokedexUITests.xctest */,
			);
			name = Products;
			sourceTree = "<group>";
		};
		8E8AA2D22331B1A700299B51 /* Pokedex */ = {
			isa = PBXGroup;
			children = (
				8E8AA2D32331B1A700299B51 /* AppDelegate.swift */,
				8E8AA2D52331B1A700299B51 /* ViewController.swift */,
				8E8AA2D72331B1A700299B51 /* Main.storyboard */,
				8E8AA2DA2331B1A800299B51 /* Assets.xcassets */,
				8E8AA2DC2331B1A800299B51 /* LaunchScreen.storyboard */,
				8E8AA2DF2331B1A800299B51 /* Info.plist */,
			);
			path = Pokedex;
			sourceTree = "<group>";
		};
		8E8AA2E72331B1A800299B51 /* PokedexTests */ = {
			isa = PBXGroup;
			children = (
				8E8AA2E82331B1A800299B51 /* PokedexTests.swift */,
				8E8AA2EA2331B1A800299B51 /* Info.plist */,
			);
			path = PokedexTests;
			sourceTree = "<group>";
		};
		8E8AA2F22331B1A800299B51 /* PokedexUITests */ = {
			isa = PBXGroup;
			children = (
				8E8AA2F32331B1A800299B51 /* PokedexUITests.swift */,
				8E8AA2F52331B1A800299B51 /* Info.plist */,
			);
			path = PokedexUITests;
			sourceTree = "<group>";
		};
/* End PBXGroup section */

/* Begin PBXNativeTarget section */
		8E8AA2CF2331B1A700299B51 /* Pokedex */ = {
			isa = PBXNativeTarget;
			buildConfigurationList = 8E8AA2F82331B1A800299B51 /* Build configuration list for PBXNativeTarget "Pokedex" */;
			buildPhases = (
				8E8AA2CC2331B1A700299B51 /* Sources */,
				8E8AA2CD2331B1A700299B51 /* Frameworks */,
				8E8AA2CE2331B1A700299B51 /* Resources */,
			);
			buildRules = (
			);
			dependencies = (
			);
			name = Pokedex;
			productName = Pokedex;
			productReference = 8E8AA2D02331B1A700299B51 /* Pokedex.app */;
			productType = "com.apple.product-type.application";
		};
		8E8AA2E32331B1A800299B51 /* PokedexTests */ = {
			isa = PBXNativeTarget;
			buildConfigurationList = 8E8AA2FB2331B1A800299B51 /* Build configuration list for PBXNativeTarget "PokedexTests" */;
			buildPhases = (
				8E8AA2E02331B1A800299B51 /* Sources */,
				8E8AA2E12331B1A800299B51 /* Frameworks */,
				8E8AA2E22331B1A800299B51 /* Resources */,
			);
			buildRules = (
			);
			dependencies = (
				8E8AA2E62331B1A800299B51 /* PBXTargetDependency */,
			);
			name = PokedexTests;
			productName = PokedexTests;
			productReference = 8E8AA2E42331B1A800299B51 /* PokedexTests.xctest */;
			productType = "com.apple.product-type.bundle.unit-test";
		};
		8E8AA2EE2331B1A800299B51 /* PokedexUITests */ = {
			isa = PBXNativeTarget;
			buildConfigurationList = 8E8AA2FE2331B1A800299B51 /* Build configuration list for PBXNativeTarget "PokedexUITests" */;
			buildPhases = (
				8E8AA2EB2331B1A800299B51 /* Sources */,
				8E8AA2EC2331B1A800299B51 /* Frameworks */,
				8E8AA2ED2331B1A800299B51 /* Resources */,
			);
			buildRules = (
			);
			dependencies = (
				8E8AA2F12331B1A800299B51 /* PBXTargetDependency */,
			);
			name = PokedexUITests;
			productName = PokedexUITests;
			productReference = 8E8AA2EF2331B1A800299B51 /* PokedexUITests.xctest */;
			productType = "com.apple.product-type.bundle.ui-testing";
		};
/* End PBXNativeTarget section */

/* Begin PBXProject section */
		8E8AA2C82331B1A600299B51 /* Project object */ = {
			isa = PBXProject;
			attributes = {
				LastSwiftUpdateCheck = 1030;
				LastUpgradeCheck = 1030;
				ORGANIZATIONNAME = ITESM;
				TargetAttributes = {
					8E8AA2CF2331B1A700299B51 = {
						CreatedOnToolsVersion = 10.3;
					};
					8E8AA2E32331B1A800299B51 = {
						CreatedOnToolsVersion = 10.3;
						TestTargetID = 8E8AA2CF2331B1A700299B51;
					};
					8E8AA2EE2331B1A800299B51 = {
						CreatedOnToolsVersion = 10.3;
						TestTargetID = 8E8AA2CF2331B1A700299B51;
					};
				};
			};
			buildConfigurationList = 8E8AA2CB2331B1A600299B51 /* Build configuration list for PBXProject "Pokedex" */;
			compatibilityVersion = "Xcode 9.3";
			developmentRegion = en;
			hasScannedForEncodings = 0;
			knownRegions = (
				en,
				Base,
			);
			mainGroup = 8E8AA2C72331B1A600299B51;
			productRefGroup = 8E8AA2D12331B1A700299B51 /* Products */;
			projectDirPath = "";
			projectRoot = "";
			targets = (
				8E8AA2CF2331B1A700299B51 /* Pokedex */,
				8E8AA2E32331B1A800299B51 /* PokedexTests */,
				8E8AA2EE2331B1A800299B51 /* PokedexUITests */,
			);
		};
/* End PBXProject section */

/* Begin PBXResourcesBuildPhase section */
		8E8AA2CE2331B1A700299B51 /* Resources */ = {
			isa = PBXResourcesBuildPhase;
			buildActionMask = 2147483647;
			files = (
				8E8AA2DE2331B1A800299B51 /* LaunchScreen.storyboard in Resources */,
				8E8AA2DB2331B1A800299B51 /* Assets.xcassets in Resources */,
				8E8AA2D92331B1A700299B51 /* Main.storyboard in Resources */,
			);
			runOnlyForDeploymentPostprocessing = 0;
		};
		8E8AA2E22331B1A800299B51 /* Resources */ = {
			isa = PBXResourcesBuildPhase;
			buildActionMask = 2147483647;
			files = (
			);
			runOnlyForDeploymentPostprocessing = 0;
		};
		8E8AA2ED2331B1A800299B51 /* Resources */ = {
			isa = PBXResourcesBuildPhase;
			buildActionMask = 2147483647;
			files = (
			);
			runOnlyForDeploymentPostprocessing = 0;
		};
/* End PBXResourcesBuildPhase section */

/* Begin PBXSourcesBuildPhase section */
		8E8AA2CC2331B1A700299B51 /* Sources */ = {
			isa = PBXSourcesBuildPhase;
			buildActionMask = 2147483647;
			files = (
				8E8AA2D62331B1A700299B51 /* ViewController.swift in Sources */,
				8E8AA2D42331B1A700299B51 /* AppDelegate.swift in Sources */,
			);
			runOnlyForDeploymentPostprocessing = 0;
		};
		8E8AA2E02331B1A800299B51 /* Sources */ = {
			isa = PBXSourcesBuildPhase;
			buildActionMask = 2147483647;
			files = (
				8E8AA2E92331B1A800299B51 /* PokedexTests.swift in Sources */,
			);
			runOnlyForDeploymentPostprocessing = 0;
		};
		8E8AA2EB2331B1A800299B51 /* Sources */ = {
			isa = PBXSourcesBuildPhase;
			buildActionMask = 2147483647;
			files = (
				8E8AA2F42331B1A800299B51 /* PokedexUITests.swift in Sources */,
			);
			runOnlyForDeploymentPostprocessing = 0;
		};
/* End PBXSourcesBuildPhase section */

/* Begin PBXTargetDependency section */
		8E8AA2E62331B1A800299B51 /* PBXTargetDependency */ = {
			isa = PBXTargetDependency;
			target = 8E8AA2CF2331B1A700299B51 /* Pokedex */;
			targetProxy = 8E8AA2E52331B1A800299B51 /* PBXContainerItemProxy */;
		};
		8E8AA2F12331B1A800299B51 /* PBXTargetDependency */ = {
			isa = PBXTargetDependency;
			target = 8E8AA2CF2331B1A700299B51 /* Pokedex */;
			targetProxy = 8E8AA2F02331B1A800299B51 /* PBXContainerItemProxy */;
		};
/* End PBXTargetDependency section */

/* Begin PBXVariantGroup section */
		8E8AA2D72331B1A700299B51 /* Main.storyboard */ = {
			isa = PBXVariantGroup;
			children = (
				8E8AA2D82331B1A700299B51 /* Base */,
			);
			name = Main.storyboard;
			sourceTree = "<group>";
		};
		8E8AA2DC2331B1A800299B51 /* LaunchScreen.storyboard */ = {
			isa = PBXVariantGroup;
			children = (
				8E8AA2DD2331B1A800299B51 /* Base */,
			);
			name = LaunchScreen.storyboard;
			sourceTree = "<group>";
		};
/* End PBXVariantGroup section */

/* Begin XCBuildConfiguration section */
		8E8AA2F62331B1A800299B51 /* Debug */ = {
			isa = XCBuildConfiguration;
			buildSettings = {
				ALWAYS_SEARCH_USER_PATHS = NO;
				CLANG_ANALYZER_NONNULL = YES;
				CLANG_ANALYZER_NUMBER_OBJECT_CONVERSION = YES_AGGRESSIVE;
				CLANG_CXX_LANGUAGE_STANDARD = "gnu++14";
				CLANG_CXX_LIBRARY = "libc++";
				CLANG_ENABLE_MODULES = YES;
				CLANG_ENABLE_OBJC_ARC = YES;
				CLANG_ENABLE_OBJC_WEAK = YES;
				CLANG_WARN_BLOCK_CAPTURE_AUTORELEASING = YES;
				CLANG_WARN_BOOL_CONVERSION = YES;
				CLANG_WARN_COMMA = YES;
				CLANG_WARN_CONSTANT_CONVERSION = YES;
				CLANG_WARN_DEPRECATED_OBJC_IMPLEMENTATIONS = YES;
				CLANG_WARN_DIRECT_OBJC_ISA_USAGE = YES_ERROR;
				CLANG_WARN_DOCUMENTATION_COMMENTS = YES;
				CLANG_WARN_EMPTY_BODY = YES;
				CLANG_WARN_ENUM_CONVERSION = YES;
				CLANG_WARN_INFINITE_RECURSION = YES;
				CLANG_WARN_INT_CONVERSION = YES;
				CLANG_WARN_NON_LITERAL_NULL_CONVERSION = YES;
				CLANG_WARN_OBJC_IMPLICIT_RETAIN_SELF = YES;
				CLANG_WARN_OBJC_LITERAL_CONVERSION = YES;
				CLANG_WARN_OBJC_ROOT_CLASS = YES_ERROR;
				CLANG_WARN_RANGE_LOOP_ANALYSIS = YES;
				CLANG_WARN_STRICT_PROTOTYPES = YES;
				CLANG_WARN_SUSPICIOUS_MOVE = YES;
				CLANG_WARN_UNGUARDED_AVAILABILITY = YES_AGGRESSIVE;
				CLANG_WARN_UNREACHABLE_CODE = YES;
				CLANG_WARN__DUPLICATE_METHOD_MATCH = YES;
				CODE_SIGN_IDENTITY = "iPhone Developer";
				COPY_PHASE_STRIP = NO;
				DEBUG_INFORMATION_FORMAT = dwarf;
				ENABLE_STRICT_OBJC_MSGSEND = YES;
				ENABLE_TESTABILITY = YES;
				GCC_C_LANGUAGE_STANDARD = gnu11;
				GCC_DYNAMIC_NO_PIC = NO;
				GCC_NO_COMMON_BLOCKS = YES;
				GCC_OPTIMIZATION_LEVEL = 0;
				GCC_PREPROCESSOR_DEFINITIONS = (
					"DEBUG=1",
					"$(inherited)",
				);
				GCC_WARN_64_TO_32_BIT_CONVERSION = YES;
				GCC_WARN_ABOUT_RETURN_TYPE = YES_ERROR;
				GCC_WARN_UNDECLARED_SELECTOR = YES;
				GCC_WARN_UNINITIALIZED_AUTOS = YES_AGGRESSIVE;
				GCC_WARN_UNUSED_FUNCTION = YES;
				GCC_WARN_UNUSED_VARIABLE = YES;
				IPHONEOS_DEPLOYMENT_TARGET = 12.4;
				MTL_ENABLE_DEBUG_INFO = INCLUDE_SOURCE;
				MTL_FAST_MATH = YES;
				ONLY_ACTIVE_ARCH = YES;
				SDKROOT = iphoneos;
				SWIFT_ACTIVE_COMPILATION_CONDITIONS = DEBUG;
				SWIFT_OPTIMIZATION_LEVEL = "-Onone";
			};
			name = Debug;
		};
		8E8AA2F72331B1A800299B51 /* Release */ = {
			isa = XCBuildConfiguration;
			buildSettings = {
				ALWAYS_SEARCH_USER_PATHS = NO;
				CLANG_ANALYZER_NONNULL = YES;
				CLANG_ANALYZER_NUMBER_OBJECT_CONVERSION = YES_AGGRESSIVE;
				CLANG_CXX_LANGUAGE_STANDARD = "gnu++14";
				CLANG_CXX_LIBRARY = "libc++";
				CLANG_ENABLE_MODULES = YES;
				CLANG_ENABLE_OBJC_ARC = YES;
				CLANG_ENABLE_OBJC_WEAK = YES;
				CLANG_WARN_BLOCK_CAPTURE_AUTORELEASING = YES;
				CLANG_WARN_BOOL_CONVERSION = YES;
				CLANG_WARN_COMMA = YES;
				CLANG_WARN_CONSTANT_CONVERSION = YES;
				CLANG_WARN_DEPRECATED_OBJC_IMPLEMENTATIONS = YES;
				CLANG_WARN_DIRECT_OBJC_ISA_USAGE = YES_ERROR;
				CLANG_WARN_DOCUMENTATION_COMMENTS = YES;
				CLANG_WARN_EMPTY_BODY = YES;
				CLANG_WARN_ENUM_CONVERSION = YES;
				CLANG_WARN_INFINITE_RECURSION = YES;
				CLANG_WARN_INT_CONVERSION = YES;
				CLANG_WARN_NON_LITERAL_NULL_CONVERSION = YES;
				CLANG_WARN_OBJC_IMPLICIT_RETAIN_SELF = YES;
				CLANG_WARN_OBJC_LITERAL_CONVERSION = YES;
				CLANG_WARN_OBJC_ROOT_CLASS = YES_ERROR;
				CLANG_WARN_RANGE_LOOP_ANALYSIS = YES;
				CLANG_WARN_STRICT_PROTOTYPES = YES;
				CLANG_WARN_SUSPICIOUS_MOVE = YES;
				CLANG_WARN_UNGUARDED_AVAILABILITY = YES_AGGRESSIVE;
				CLANG_WARN_UNREACHABLE_CODE = YES;
				CLANG_WARN__DUPLICATE_METHOD_MATCH = YES;
				CODE_SIGN_IDENTITY = "iPhone Developer";
				COPY_PHASE_STRIP = NO;
				DEBUG_INFORMATION_FORMAT = "dwarf-with-dsym";
				ENABLE_NS_ASSERTIONS = NO;
				ENABLE_STRICT_OBJC_MSGSEND = YES;
				GCC_C_LANGUAGE_STANDARD = gnu11;
				GCC_NO_COMMON_BLOCKS = YES;
				GCC_WARN_64_TO_32_BIT_CONVERSION = YES;
				GCC_WARN_ABOUT_RETURN_TYPE = YES_ERROR;
				GCC_WARN_UNDECLARED_SELECTOR = YES;
				GCC_WARN_UNINITIALIZED_AUTOS = YES_AGGRESSIVE;
				GCC_WARN_UNUSED_FUNCTION = YES;
				GCC_WARN_UNUSED_VARIABLE = YES;
				IPHONEOS_DEPLOYMENT_TARGET = 12.4;
				MTL_ENABLE_DEBUG_INFO = NO;
				MTL_FAST_MATH = YES;
				SDKROOT = iphoneos;
				SWIFT_COMPILATION_MODE = wholemodule;
				SWIFT_OPTIMIZATION_LEVEL = "-O";
				VALIDATE_PRODUCT = YES;
			};
			name = Release;
		};
		8E8AA2F92331B1A800299B51 /* Debug */ = {
			isa = XCBuildConfiguration;
			buildSettings = {
				ASSETCATALOG_COMPILER_APPICON_NAME = AppIcon;
				CODE_SIGN_STYLE = Automatic;
				DEVELOPMENT_TEAM = Q79JAN45TZ;
				INFOPLIST_FILE = Pokedex/Info.plist;
				LD_RUNPATH_SEARCH_PATHS = (
					"$(inherited)",
					"@executable_path/Frameworks",
				);
				PRODUCT_BUNDLE_IDENTIFIER = itesm.Pokedex;
				PRODUCT_NAME = "$(TARGET_NAME)";
				SWIFT_VERSION = 5.0;
				TARGETED_DEVICE_FAMILY = "1,2";
			};
			name = Debug;
		};
		8E8AA2FA2331B1A800299B51 /* Release */ = {
			isa = XCBuildConfiguration;
			buildSettings = {
				ASSETCATALOG_COMPILER_APPICON_NAME = AppIcon;
				CODE_SIGN_STYLE = Automatic;
				DEVELOPMENT_TEAM = Q79JAN45TZ;
				INFOPLIST_FILE = Pokedex/Info.plist;
				LD_RUNPATH_SEARCH_PATHS = (
					"$(inherited)",
					"@executable_path/Frameworks",
				);
				PRODUCT_BUNDLE_IDENTIFIER = itesm.Pokedex;
				PRODUCT_NAME = "$(TARGET_NAME)";
				SWIFT_VERSION = 5.0;
				TARGETED_DEVICE_FAMILY = "1,2";
			};
			name = Release;
		};
		8E8AA2FC2331B1A800299B51 /* Debug */ = {
			isa = XCBuildConfiguration;
			buildSettings = {
				ALWAYS_EMBED_SWIFT_STANDARD_LIBRARIES = YES;
				BUNDLE_LOADER = "$(TEST_HOST)";
				CODE_SIGN_STYLE = Automatic;
				DEVELOPMENT_TEAM = Q79JAN45TZ;
				INFOPLIST_FILE = PokedexTests/Info.plist;
				LD_RUNPATH_SEARCH_PATHS = (
					"$(inherited)",
					"@executable_path/Frameworks",
					"@loader_path/Frameworks",
				);
				PRODUCT_BUNDLE_IDENTIFIER = itesm.PokedexTests;
				PRODUCT_NAME = "$(TARGET_NAME)";
				SWIFT_VERSION = 5.0;
				TARGETED_DEVICE_FAMILY = "1,2";
				TEST_HOST = "$(BUILT_PRODUCTS_DIR)/Pokedex.app/Pokedex";
			};
			name = Debug;
		};
		8E8AA2FD2331B1A800299B51 /* Release */ = {
			isa = XCBuildConfiguration;
			buildSettings = {
				ALWAYS_EMBED_SWIFT_STANDARD_LIBRARIES = YES;
				BUNDLE_LOADER = "$(TEST_HOST)";
				CODE_SIGN_STYLE = Automatic;
				DEVELOPMENT_TEAM = Q79JAN45TZ;
				INFOPLIST_FILE = PokedexTests/Info.plist;
				LD_RUNPATH_SEARCH_PATHS = (
					"$(inherited)",
					"@executable_path/Frameworks",
					"@loader_path/Frameworks",
				);
				PRODUCT_BUNDLE_IDENTIFIER = itesm.PokedexTests;
				PRODUCT_NAME = "$(TARGET_NAME)";
				SWIFT_VERSION = 5.0;
				TARGETED_DEVICE_FAMILY = "1,2";
				TEST_HOST = "$(BUILT_PRODUCTS_DIR)/Pokedex.app/Pokedex";
			};
			name = Release;
		};
		8E8AA2FF2331B1A800299B51 /* Debug */ = {
			isa = XCBuildConfiguration;
			buildSettings = {
				ALWAYS_EMBED_SWIFT_STANDARD_LIBRARIES = YES;
				CODE_SIGN_STYLE = Automatic;
				DEVELOPMENT_TEAM = Q79JAN45TZ;
				INFOPLIST_FILE = PokedexUITests/Info.plist;
				LD_RUNPATH_SEARCH_PATHS = (
					"$(inherited)",
					"@executable_path/Frameworks",
					"@loader_path/Frameworks",
				);
				PRODUCT_BUNDLE_IDENTIFIER = itesm.PokedexUITests;
				PRODUCT_NAME = "$(TARGET_NAME)";
				SWIFT_VERSION = 5.0;
				TARGETED_DEVICE_FAMILY = "1,2";
				TEST_TARGET_NAME = Pokedex;
			};
			name = Debug;
		};
		8E8AA3002331B1A800299B51 /* Release */ = {
			isa = XCBuildConfiguration;
			buildSettings = {
				ALWAYS_EMBED_SWIFT_STANDARD_LIBRARIES = YES;
				CODE_SIGN_STYLE = Automatic;
				DEVELOPMENT_TEAM = Q79JAN45TZ;
				INFOPLIST_FILE = PokedexUITests/Info.plist;
				LD_RUNPATH_SEARCH_PATHS = (
					"$(inherited)",
					"@executable_path/Frameworks",
					"@loader_path/Frameworks",
				);
				PRODUCT_BUNDLE_IDENTIFIER = itesm.PokedexUITests;
				PRODUCT_NAME = "$(TARGET_NAME)";
				SWIFT_VERSION = 5.0;
				TARGETED_DEVICE_FAMILY = "1,2";
				TEST_TARGET_NAME = Pokedex;
			};
			name = Release;
		};
/* End XCBuildConfiguration section */

/* Begin XCConfigurationList section */
		8E8AA2CB2331B1A600299B51 /* Build configuration list for PBXProject "Pokedex" */ = {
			isa = XCConfigurationList;
			buildConfigurations = (
				8E8AA2F62331B1A800299B51 /* Debug */,
				8E8AA2F72331B1A800299B51 /* Release */,
			);
			defaultConfigurationIsVisible = 0;
			defaultConfigurationName = Release;
		};
		8E8AA2F82331B1A800299B51 /* Build configuration list for PBXNativeTarget "Pokedex" */ = {
			isa = XCConfigurationList;
			buildConfigurations = (
				8E8AA2F92331B1A800299B51 /* Debug */,
				8E8AA2FA2331B1A800299B51 /* Release */,
			);
			defaultConfigurationIsVisible = 0;
			defaultConfigurationName = Release;
		};
		8E8AA2FB2331B1A800299B51 /* Build configuration list for PBXNativeTarget "PokedexTests" */ = {
			isa = XCConfigurationList;
			buildConfigurations = (
				8E8AA2FC2331B1A800299B51 /* Debug */,
				8E8AA2FD2331B1A800299B51 /* Release */,
			);
			defaultConfigurationIsVisible = 0;
			defaultConfigurationName = Release;
		};
		8E8AA2FE2331B1A800299B51 /* Build configuration list for PBXNativeTarget "PokedexUITests" */ = {
			isa = XCConfigurationList;
			buildConfigurations = (
				8E8AA2FF2331B1A800299B51 /* Debug */,
				8E8AA3002331B1A800299B51 /* Release */,
			);
			defaultConfigurationIsVisible = 0;
			defaultConfigurationName = Release;
		};
/* End XCConfigurationList section */
	};
	rootObject = 8E8AA2C82331B1A600299B51 /* Project object */;
}
